
Microsoft Visual Studio Solution File, Format Version 12.00
# Visual Studio Version 17
VisualStudioVersion = 17.5.33502.453
MinimumVisualStudioVersion = 10.0.40219.1
Project("{FAE04EC0-301F-11D3-BF4B-00C04F79EFBC}") = "Grocery_Store_With_IMG", "Grocery_Stpre_With_IMG\Grocery_Store_With_IMG.csproj", "{0E455317-640A-48FE-8769-71DBF8CA9DF5}"
EndProject
Global
	GlobalSection(SolutionConfigurationPlatforms) = preSolution
		Debug|Any CPU = Debug|Any CPU
		Release|Any CPU = Release|Any CPU
	EndGlobalSection
	GlobalSection(ProjectConfigurationPlatforms) = postSolution
		{0E455317-640A-48FE-8769-71DBF8CA9DF5}.Debug|Any CPU.ActiveCfg = Debug|Any CPU
		{0E455317-640A-48FE-8769-71DBF8CA9DF5}.Debug|Any CPU.Build.0 = Debug|Any CPU
		{0E455317-640A-48FE-8769-71DBF8CA9DF5}.Release|Any CPU.ActiveCfg = Release|Any CPU
		{0E455317-640A-48FE-8769-71DBF8CA9DF5}.Release|Any CPU.Build.0 = Release|Any CPU
	EndGlobalSection
	GlobalSection(SolutionProperties) = preSolution
		HideSolutionNode = FALSE
	EndGlobalSection
	GlobalSection(ExtensibilityGlobals) = postSolution
		SolutionGuid = {B64A1DD3-61AB-49DE-9816-849842AB03A9}
	EndGlobalSection
EndGlobal
